
Microsoft Visual Studio Solution File, Format Version 12.00
# Visual Studio Version 16
VisualStudioVersion = 16.0.29519.87
MinimumVisualStudioVersion = 10.0.40219.1
Project("{FAE04EC0-301F-11D3-BF4B-00C04F79EFBC}") = "Hangperson", "Hangperson\Hangperson.csproj", "{889AE506-C166-4635-AF34-ED6988414D4C}"
EndProject
Global
	GlobalSection(SolutionConfigurationPlatforms) = preSolution
		Debug|Any CPU = Debug|Any CPU
		Release|Any CPU = Release|Any CPU
	EndGlobalSection
	GlobalSection(ProjectConfigurationPlatforms) = postSolution
		{889AE506-C166-4635-AF34-ED6988414D4C}.Debug|Any CPU.ActiveCfg = Debug|Any CPU
		{889AE506-C166-4635-AF34-ED6988414D4C}.Debug|Any CPU.Build.0 = Debug|Any CPU
		{889AE506-C166-4635-AF34-ED6988414D4C}.Release|Any CPU.ActiveCfg = Release|Any CPU
		{889AE506-C166-4635-AF34-ED6988414D4C}.Release|Any CPU.Build.0 = Release|Any CPU
	EndGlobalSection
	GlobalSection(SolutionProperties) = preSolution
		HideSolutionNode = FALSE
	EndGlobalSection
	GlobalSection(ExtensibilityGlobals) = postSolution
		SolutionGuid = {D38D00D2-74BA-47B3-8AFB-3EA82A5BAB70}
	EndGlobalSection
EndGlobal
